
Microsoft Visual Studio Solution File, Format Version 12.00
# Visual Studio Version 17
VisualStudioVersion = 17.5.33516.290
MinimumVisualStudioVersion = 10.0.40219.1
Project("{9A19103F-16F7-4668-BE54-9A1E7A4F7556}") = "OneTimePasswordManager", "OneTimePasswordManager.csproj", "{8A2B07F9-7DC3-429E-8F4B-E9070270A27E}"
EndProject
Project("{9A19103F-16F7-4668-BE54-9A1E7A4F7556}") = "Tests", "Tests\Tests.csproj", "{245FB693-4573-4ED7-B763-B5F8A0939AA9}"
EndProject
Global
	GlobalSection(SolutionConfigurationPlatforms) = preSolution
		Debug|Any CPU = Debug|Any CPU
		Release|Any CPU = Release|Any CPU
	EndGlobalSection
	GlobalSection(ProjectConfigurationPlatforms) = postSolution
		{8A2B07F9-7DC3-429E-8F4B-E9070270A27E}.Debug|Any CPU.ActiveCfg = Debug|Any CPU
		{8A2B07F9-7DC3-429E-8F4B-E9070270A27E}.Debug|Any CPU.Build.0 = Debug|Any CPU
		{8A2B07F9-7DC3-429E-8F4B-E9070270A27E}.Release|Any CPU.ActiveCfg = Release|Any CPU
		{8A2B07F9-7DC3-429E-8F4B-E9070270A27E}.Release|Any CPU.Build.0 = Release|Any CPU
		{245FB693-4573-4ED7-B763-B5F8A0939AA9}.Debug|Any CPU.ActiveCfg = Debug|Any CPU
		{245FB693-4573-4ED7-B763-B5F8A0939AA9}.Debug|Any CPU.Build.0 = Debug|Any CPU
		{245FB693-4573-4ED7-B763-B5F8A0939AA9}.Release|Any CPU.ActiveCfg = Release|Any CPU
		{245FB693-4573-4ED7-B763-B5F8A0939AA9}.Release|Any CPU.Build.0 = Release|Any CPU
	EndGlobalSection
	GlobalSection(SolutionProperties) = preSolution
		HideSolutionNode = FALSE
	EndGlobalSection
	GlobalSection(ExtensibilityGlobals) = postSolution
		SolutionGuid = {3DCD6D41-078B-489C-B585-8FA932B36343}
	EndGlobalSection
EndGlobal
